
Microsoft Visual Studio Solution File, Format Version 12.00
# Visual Studio Version 16
VisualStudioVersion = 16.0.31205.134
MinimumVisualStudioVersion = 10.0.40219.1
Project("{FAE04EC0-301F-11D3-BF4B-00C04F79EFBC}") = "Resort", "Resort.csproj", "{CE49CBF5-D921-4B55-AD3D-95A78F64467C}"
EndProject
Global
	GlobalSection(SolutionConfigurationPlatforms) = preSolution
		Debug|Any CPU = Debug|Any CPU
		Release|Any CPU = Release|Any CPU
	EndGlobalSection
	GlobalSection(ProjectConfigurationPlatforms) = postSolution
		{CE49CBF5-D921-4B55-AD3D-95A78F64467C}.Debug|Any CPU.ActiveCfg = Debug|Any CPU
		{CE49CBF5-D921-4B55-AD3D-95A78F64467C}.Debug|Any CPU.Build.0 = Debug|Any CPU
		{CE49CBF5-D921-4B55-AD3D-95A78F64467C}.Release|Any CPU.ActiveCfg = Release|Any CPU
		{CE49CBF5-D921-4B55-AD3D-95A78F64467C}.Release|Any CPU.Build.0 = Release|Any CPU
	EndGlobalSection
	GlobalSection(SolutionProperties) = preSolution
		HideSolutionNode = FALSE
	EndGlobalSection
	GlobalSection(ExtensibilityGlobals) = postSolution
		SolutionGuid = {571D3D22-401B-4952-9DCF-338EB4A9D3D9}
	EndGlobalSection
EndGlobal
